{
  "pins" : [
    {
      "identity" : "librlottie-xcode",
      "kind" : "remoteSourceControl",
      "location" : "https://github.com/SDWebImage/librlottie-Xcode.git",
      "state" : {
        "revision" : "4ae1ba205910c804ee2d4cd7dd7f122964fe3aad",
        "version" : "0.2.1"
      }
    },
    {
      "identity" : "lottie-spm",
      "kind" : "remoteSourceControl",
      "location" : "https://github.com/airbnb/lottie-spm.git",
      "state" : {
        "revision" : "3e7eb8281ff9ac67e64a3a58a80c0aa9fa388b04",
        "version" : "4.3.3"
      }
    },
    {
      "identity" : "sdwebimage",
      "kind" : "remoteSourceControl",
      "location" : "https://github.com/SDWebImage/SDWebImage.git",
      "state" : {
        "revision" : "1b9a2e902cbde5fdf362faa0f4fd76ea74d74305",
        "version" : "5.18.5"
      }
    },
    {
      "identity" : "sdwebimagelottiecoder",
      "kind" : "remoteSourceControl",
      "location" : "https://github.com/SDWebImage/SDWebImageLottieCoder",
      "state" : {
        "revision" : "c9f65679a9b0510b89673507f548a7c0f17ba95f",
        "version" : "0.2.0"
      }
    }
  ],
  "version" : 2
}
