// !$*UTF8*$!
{
	archiveVersion = 1;
	classes = {
	};
	objectVersion = 56;
	objects = {

/* Begin PBXBuildFile section */
		B41B2C6D2B039DB3008D57D1 /* MarvelApp_SwiftUIApp.swift in Sources */ = {isa = PBXBuildFile; fileRef = B41B2C6C2B039DB3008D57D1 /* MarvelApp_SwiftUIApp.swift */; };
		B41B2C6F2B039DB3008D57D1 /* Persistence.swift in Sources */ = {isa = PBXBuildFile; fileRef = B41B2C6E2B039DB3008D57D1 /* Persistence.swift */; };
		B41B2C722B039DB3008D57D1 /* MarvelApp_SwiftUI.xcdatamodeld in Sources */ = {isa = PBXBuildFile; fileRef = B41B2C702B039DB3008D57D1 /* MarvelApp_SwiftUI.xcdatamodeld */; };
		B41B2C742B039DB3008D57D1 /* ContentView.swift in Sources */ = {isa = PBXBuildFile; fileRef = B41B2C732B039DB3008D57D1 /* ContentView.swift */; };
		B41B2C762B039DB3008D57D1 /* Assets.xcassets in Resources */ = {isa = PBXBuildFile; fileRef = B41B2C752B039DB3008D57D1 /* Assets.xcassets */; };
		B41B2C7A2B039DB3008D57D1 /* Preview Assets.xcassets in Resources */ = {isa = PBXBuildFile; fileRef = B41B2C792B039DB3008D57D1 /* Preview Assets.xcassets */; };
		B41B2C842B039DB3008D57D1 /* MarvelApp_SwiftUITests.swift in Sources */ = {isa = PBXBuildFile; fileRef = B41B2C832B039DB3008D57D1 /* MarvelApp_SwiftUITests.swift */; };
		B41B2C8E2B039DB4008D57D1 /* MarvelApp_SwiftUIUITests.swift in Sources */ = {isa = PBXBuildFile; fileRef = B41B2C8D2B039DB4008D57D1 /* MarvelApp_SwiftUIUITests.swift */; };
		B41B2C902B039DB4008D57D1 /* MarvelApp_SwiftUIUITestsLaunchTests.swift in Sources */ = {isa = PBXBuildFile; fileRef = B41B2C8F2B039DB4008D57D1 /* MarvelApp_SwiftUIUITestsLaunchTests.swift */; };
		B41B2CAA2B03A203008D57D1 /* APIClientRepository.swift in Sources */ = {isa = PBXBuildFile; fileRef = B41B2CA92B03A203008D57D1 /* APIClientRepository.swift */; };
		B41B2CAC2B03A223008D57D1 /* APIClient.swift in Sources */ = {isa = PBXBuildFile; fileRef = B41B2CAB2B03A223008D57D1 /* APIClient.swift */; };
		B41B2CAE2B03A250008D57D1 /* Extension+URLResponse.swift in Sources */ = {isa = PBXBuildFile; fileRef = B41B2CAD2B03A250008D57D1 /* Extension+URLResponse.swift */; };
		B41B2CB02B03A26F008D57D1 /* APIClientUseCase.swift in Sources */ = {isa = PBXBuildFile; fileRef = B41B2CAF2B03A26F008D57D1 /* APIClientUseCase.swift */; };
		B41B2CB22B03A28D008D57D1 /* Character.swift in Sources */ = {isa = PBXBuildFile; fileRef = B41B2CB12B03A28D008D57D1 /* Character.swift */; };
		B41B2CB42B03A2A5008D57D1 /* Serie.swift in Sources */ = {isa = PBXBuildFile; fileRef = B41B2CB32B03A2A5008D57D1 /* Serie.swift */; };
		B41B2CB62B03A2C6008D57D1 /* APIClientRepositoryProtocol.swift in Sources */ = {isa = PBXBuildFile; fileRef = B41B2CB52B03A2C6008D57D1 /* APIClientRepositoryProtocol.swift */; };
		B41B2CBB2B03B1A8008D57D1 /* CharactersView.swift in Sources */ = {isa = PBXBuildFile; fileRef = B41B2CBA2B03B1A8008D57D1 /* CharactersView.swift */; };
		B41B2CBD2B03B1B5008D57D1 /* CharactersViewModel.swift in Sources */ = {isa = PBXBuildFile; fileRef = B41B2CBC2B03B1B5008D57D1 /* CharactersViewModel.swift */; };
		B495D32A2B07CA760004CB53 /* DataPersistanceManager.swift in Sources */ = {isa = PBXBuildFile; fileRef = B495D3292B07CA760004CB53 /* DataPersistanceManager.swift */; };
		B495D32C2B07CE6A0004CB53 /* DataPersistanceManagerUseCase.swift in Sources */ = {isa = PBXBuildFile; fileRef = B495D32B2B07CE6A0004CB53 /* DataPersistanceManagerUseCase.swift */; };
		B495D32E2B07CF0B0004CB53 /* DataPersistanceManagerRepositoryProtocol.swift in Sources */ = {isa = PBXBuildFile; fileRef = B495D32D2B07CF0B0004CB53 /* DataPersistanceManagerRepositoryProtocol.swift */; };
		B495D3302B07CF970004CB53 /* DataPersistanceManagerRepository.swift in Sources */ = {isa = PBXBuildFile; fileRef = B495D32F2B07CF970004CB53 /* DataPersistanceManagerRepository.swift */; };
		B495D3332B07D98A0004CB53 /* CharacterMapper.swift in Sources */ = {isa = PBXBuildFile; fileRef = B495D3322B07D98A0004CB53 /* CharacterMapper.swift */; };
		B49E1BE42B0925D6009F9E7D /* WatchOSMarvelApp.swift in Sources */ = {isa = PBXBuildFile; fileRef = B49E1BE32B0925D6009F9E7D /* WatchOSMarvelApp.swift */; };
		B49E1BE62B0925D6009F9E7D /* ContentView.swift in Sources */ = {isa = PBXBuildFile; fileRef = B49E1BE52B0925D6009F9E7D /* ContentView.swift */; };
		B49E1BE82B0925D7009F9E7D /* Assets.xcassets in Resources */ = {isa = PBXBuildFile; fileRef = B49E1BE72B0925D7009F9E7D /* Assets.xcassets */; };
		B49E1BEB2B0925D7009F9E7D /* Preview Assets.xcassets in Resources */ = {isa = PBXBuildFile; fileRef = B49E1BEA2B0925D7009F9E7D /* Preview Assets.xcassets */; };
		B49E1BEE2B0925D7009F9E7D /* WatchOSMarvel Watch App.app in Embed Watch Content */ = {isa = PBXBuildFile; fileRef = B49E1BE12B0925D6009F9E7D /* WatchOSMarvel Watch App.app */; settings = {ATTRIBUTES = (RemoveHeadersOnCopy, ); }; };
		B49E1BFD2B0936D6009F9E7D /* CharactersView.swift in Sources */ = {isa = PBXBuildFile; fileRef = B41B2CBA2B03B1A8008D57D1 /* CharactersView.swift */; };
		B49E1BFE2B09375E009F9E7D /* CharactersViewModel.swift in Sources */ = {isa = PBXBuildFile; fileRef = B41B2CBC2B03B1B5008D57D1 /* CharactersViewModel.swift */; };
		B49E1BFF2B0937B1009F9E7D /* APIClientUseCase.swift in Sources */ = {isa = PBXBuildFile; fileRef = B41B2CAF2B03A26F008D57D1 /* APIClientUseCase.swift */; };
		B49E1C002B0937B4009F9E7D /* DataPersistanceManagerUseCase.swift in Sources */ = {isa = PBXBuildFile; fileRef = B495D32B2B07CE6A0004CB53 /* DataPersistanceManagerUseCase.swift */; };
		B49E1C012B0937B9009F9E7D /* Character.swift in Sources */ = {isa = PBXBuildFile; fileRef = B41B2CB12B03A28D008D57D1 /* Character.swift */; };
		B49E1C022B0937C2009F9E7D /* APIClientRepositoryProtocol.swift in Sources */ = {isa = PBXBuildFile; fileRef = B41B2CB52B03A2C6008D57D1 /* APIClientRepositoryProtocol.swift */; };
		B49E1C032B0937C6009F9E7D /* DataPersistanceManagerRepositoryProtocol.swift in Sources */ = {isa = PBXBuildFile; fileRef = B495D32D2B07CF0B0004CB53 /* DataPersistanceManagerRepositoryProtocol.swift */; };
		B49E1C042B0937CE009F9E7D /* Extension+URLResponse.swift in Sources */ = {isa = PBXBuildFile; fileRef = B41B2CAD2B03A250008D57D1 /* Extension+URLResponse.swift */; };
		B49E1C052B0937F1009F9E7D /* APIClientRepository.swift in Sources */ = {isa = PBXBuildFile; fileRef = B41B2CA92B03A203008D57D1 /* APIClientRepository.swift */; };
		B49E1C062B0937F4009F9E7D /* DataPersistanceManagerRepository.swift in Sources */ = {isa = PBXBuildFile; fileRef = B495D32F2B07CF970004CB53 /* DataPersistanceManagerRepository.swift */; };
		B49E1C072B09380E009F9E7D /* APIClient.swift in Sources */ = {isa = PBXBuildFile; fileRef = B41B2CAB2B03A223008D57D1 /* APIClient.swift */; };
		B49E1C082B093811009F9E7D /* DataPersistanceManager.swift in Sources */ = {isa = PBXBuildFile; fileRef = B495D3292B07CA760004CB53 /* DataPersistanceManager.swift */; };
		B49E1C092B093817009F9E7D /* MarvelApp_SwiftUI.xcdatamodeld in Sources */ = {isa = PBXBuildFile; fileRef = B41B2C702B039DB3008D57D1 /* MarvelApp_SwiftUI.xcdatamodeld */; };
		B49E1C0A2B09381A009F9E7D /* Persistence.swift in Sources */ = {isa = PBXBuildFile; fileRef = B41B2C6E2B039DB3008D57D1 /* Persistence.swift */; };
		B49E1C0B2B09381F009F9E7D /* CharacterMapper.swift in Sources */ = {isa = PBXBuildFile; fileRef = B495D3322B07D98A0004CB53 /* CharacterMapper.swift */; };
		B49E1C0C2B09385E009F9E7D /* Serie.swift in Sources */ = {isa = PBXBuildFile; fileRef = B41B2CB32B03A2A5008D57D1 /* Serie.swift */; };
		B49E1C0E2B093878009F9E7D /* CharacterCardView.swift in Sources */ = {isa = PBXBuildFile; fileRef = B4AF5E702B08CF90001BAF26 /* CharacterCardView.swift */; };
		B49E1C0F2B09387B009F9E7D /* FavoriteCharacterCardView.swift in Sources */ = {isa = PBXBuildFile; fileRef = B4AF5E6E2B08CD1D001BAF26 /* FavoriteCharacterCardView.swift */; };
		B49E1C102B09387E009F9E7D /* NoFavoriteCharactersView.swift in Sources */ = {isa = PBXBuildFile; fileRef = B4AF5E6C2B08CB74001BAF26 /* NoFavoriteCharactersView.swift */; };
		B49E1C112B093887009F9E7D /* CharacterSeriesView.swift in Sources */ = {isa = PBXBuildFile; fileRef = B4ABA9022B03F70300CB3315 /* CharacterSeriesView.swift */; };
		B49E1C122B09388D009F9E7D /* SerieCardView.swift in Sources */ = {isa = PBXBuildFile; fileRef = B4AF5E742B08D3C4001BAF26 /* SerieCardView.swift */; };
		B49E1C132B093890009F9E7D /* CharacterSeriesViewModel.swift in Sources */ = {isa = PBXBuildFile; fileRef = B4ABA9042B03F71400CB3315 /* CharacterSeriesViewModel.swift */; };
		B49E1C172B093F58009F9E7D /* SDWebImageLottieCoder in Frameworks */ = {isa = PBXBuildFile; productRef = B49E1C162B093F58009F9E7D /* SDWebImageLottieCoder */; };
		B49E1C192B093F9A009F9E7D /* LottieViewModel.swift in Sources */ = {isa = PBXBuildFile; fileRef = B49E1C182B093F9A009F9E7D /* LottieViewModel.swift */; };
		B49E1C1B2B09431C009F9E7D /* LottieWatchOSView.swift in Sources */ = {isa = PBXBuildFile; fileRef = B49E1C1A2B09431C009F9E7D /* LottieWatchOSView.swift */; };
		B49E1C1C2B09438E009F9E7D /* LottieWatchOSView.swift in Sources */ = {isa = PBXBuildFile; fileRef = B49E1C1A2B09431C009F9E7D /* LottieWatchOSView.swift */; };
		B49E1C1E2B094461009F9E7D /* LottieViewModel.swift in Sources */ = {isa = PBXBuildFile; fileRef = B49E1C182B093F9A009F9E7D /* LottieViewModel.swift */; };
		B49E1C212B094491009F9E7D /* SDWebImageLottieCoder in Frameworks */ = {isa = PBXBuildFile; productRef = B49E1C202B094491009F9E7D /* SDWebImageLottieCoder */; };
		B49E1C232B0944EB009F9E7D /* LoadingWatchOSView.swift in Sources */ = {isa = PBXBuildFile; fileRef = B49E1C222B0944EB009F9E7D /* LoadingWatchOSView.swift */; };
		B49E1C242B094534009F9E7D /* LoadingWatchOSView.swift in Sources */ = {isa = PBXBuildFile; fileRef = B49E1C222B0944EB009F9E7D /* LoadingWatchOSView.swift */; };
		B49E1C252B0945C8009F9E7D /* MarvelApp_SwiftUIApp.swift in Sources */ = {isa = PBXBuildFile; fileRef = B41B2C6C2B039DB3008D57D1 /* MarvelApp_SwiftUIApp.swift */; };
		B49E1C262B0945D6009F9E7D /* SplashView.swift in Sources */ = {isa = PBXBuildFile; fileRef = B4ABA9112B0405B800CB3315 /* SplashView.swift */; };
		B49E1C272B0945E2009F9E7D /* SplashViewModel.swift in Sources */ = {isa = PBXBuildFile; fileRef = B4ABA9132B0405C200CB3315 /* SplashViewModel.swift */; };
		B49E1C282B094604009F9E7D /* RouteView.swift in Sources */ = {isa = PBXBuildFile; fileRef = B4B766812B0544100096544D /* RouteView.swift */; };
		B49E1C292B09460A009F9E7D /* RouteViewModel.swift in Sources */ = {isa = PBXBuildFile; fileRef = B4B766832B05441D0096544D /* RouteViewModel.swift */; };
		B49E1C2A2B094646009F9E7D /* RoutingStatus.swift in Sources */ = {isa = PBXBuildFile; fileRef = B4B766852B0545A50096544D /* RoutingStatus.swift */; };
		B49E1C2B2B094ABB009F9E7D /* marvelCharactersAnimation.json in Resources */ = {isa = PBXBuildFile; fileRef = B4ABA9092B0404F100CB3315 /* marvelCharactersAnimation.json */; };
		B49E1C2C2B094ABF009F9E7D /* marvelSplashAnimation.json in Resources */ = {isa = PBXBuildFile; fileRef = B4ABA9072B0404C200CB3315 /* marvelSplashAnimation.json */; };
		B4ABA9032B03F70300CB3315 /* CharacterSeriesView.swift in Sources */ = {isa = PBXBuildFile; fileRef = B4ABA9022B03F70300CB3315 /* CharacterSeriesView.swift */; };
		B4ABA9052B03F71400CB3315 /* CharacterSeriesViewModel.swift in Sources */ = {isa = PBXBuildFile; fileRef = B4ABA9042B03F71400CB3315 /* CharacterSeriesViewModel.swift */; };
		B4ABA9082B0404C200CB3315 /* marvelSplashAnimation.json in Resources */ = {isa = PBXBuildFile; fileRef = B4ABA9072B0404C200CB3315 /* marvelSplashAnimation.json */; };
		B4ABA90A2B0404F100CB3315 /* marvelCharactersAnimation.json in Resources */ = {isa = PBXBuildFile; fileRef = B4ABA9092B0404F100CB3315 /* marvelCharactersAnimation.json */; };
		B4ABA90D2B04057500CB3315 /* Lottie in Frameworks */ = {isa = PBXBuildFile; productRef = B4ABA90C2B04057500CB3315 /* Lottie */; };
		B4ABA9122B0405B800CB3315 /* SplashView.swift in Sources */ = {isa = PBXBuildFile; fileRef = B4ABA9112B0405B800CB3315 /* SplashView.swift */; };
		B4ABA9142B0405C200CB3315 /* SplashViewModel.swift in Sources */ = {isa = PBXBuildFile; fileRef = B4ABA9132B0405C200CB3315 /* SplashViewModel.swift */; };
		B4ABA9172B0406AB00CB3315 /* LottieView.swift in Sources */ = {isa = PBXBuildFile; fileRef = B4ABA9162B0406AB00CB3315 /* LottieView.swift */; };
		B4AF5E6D2B08CB74001BAF26 /* NoFavoriteCharactersView.swift in Sources */ = {isa = PBXBuildFile; fileRef = B4AF5E6C2B08CB74001BAF26 /* NoFavoriteCharactersView.swift */; };
		B4AF5E6F2B08CD1D001BAF26 /* FavoriteCharacterCardView.swift in Sources */ = {isa = PBXBuildFile; fileRef = B4AF5E6E2B08CD1D001BAF26 /* FavoriteCharacterCardView.swift */; };
		B4AF5E712B08CF90001BAF26 /* CharacterCardView.swift in Sources */ = {isa = PBXBuildFile; fileRef = B4AF5E702B08CF90001BAF26 /* CharacterCardView.swift */; };
		B4AF5E752B08D3C4001BAF26 /* SerieCardView.swift in Sources */ = {isa = PBXBuildFile; fileRef = B4AF5E742B08D3C4001BAF26 /* SerieCardView.swift */; };
		B4B766822B0544100096544D /* RouteView.swift in Sources */ = {isa = PBXBuildFile; fileRef = B4B766812B0544100096544D /* RouteView.swift */; };
		B4B766842B05441D0096544D /* RouteViewModel.swift in Sources */ = {isa = PBXBuildFile; fileRef = B4B766832B05441D0096544D /* RouteViewModel.swift */; };
		B4B766862B0545A50096544D /* RoutingStatus.swift in Sources */ = {isa = PBXBuildFile; fileRef = B4B766852B0545A50096544D /* RoutingStatus.swift */; };
		B4B766882B0559A00096544D /* LoadingView.swift in Sources */ = {isa = PBXBuildFile; fileRef = B4B766872B0559A00096544D /* LoadingView.swift */; };
/* End PBXBuildFile section */

/* Begin PBXContainerItemProxy section */
		B41B2C802B039DB3008D57D1 /* PBXContainerItemProxy */ = {
			isa = PBXContainerItemProxy;
			containerPortal = B41B2C612B039DB2008D57D1 /* Project object */;
			proxyType = 1;
			remoteGlobalIDString = B41B2C682B039DB3008D57D1;
			remoteInfo = "MarvelApp-SwiftUI";
		};
		B41B2C8A2B039DB4008D57D1 /* PBXContainerItemProxy */ = {
			isa = PBXContainerItemProxy;
			containerPortal = B41B2C612B039DB2008D57D1 /* Project object */;
			proxyType = 1;
			remoteGlobalIDString = B41B2C682B039DB3008D57D1;
			remoteInfo = "MarvelApp-SwiftUI";
		};
		B49E1BEC2B0925D7009F9E7D /* PBXContainerItemProxy */ = {
			isa = PBXContainerItemProxy;
			containerPortal = B41B2C612B039DB2008D57D1 /* Project object */;
			proxyType = 1;
			remoteGlobalIDString = B49E1BE02B0925D6009F9E7D;
			remoteInfo = "WatchOSMarvel Watch App";
		};
/* End PBXContainerItemProxy section */

/* Begin PBXCopyFilesBuildPhase section */
		B49E1BEF2B0925D7009F9E7D /* Embed Watch Content */ = {
			isa = PBXCopyFilesBuildPhase;
			buildActionMask = 2147483647;
			dstPath = "$(CONTENTS_FOLDER_PATH)/Watch";
			dstSubfolderSpec = 16;
			files = (
				B49E1BEE2B0925D7009F9E7D /* WatchOSMarvel Watch App.app in Embed Watch Content */,
			);
			name = "Embed Watch Content";
			runOnlyForDeploymentPostprocessing = 0;
		};
/* End PBXCopyFilesBuildPhase section */

/* Begin PBXFileReference section */
		B41B2C692B039DB3008D57D1 /* MarvelApp-SwiftUI.app */ = {isa = PBXFileReference; explicitFileType = wrapper.application; includeInIndex = 0; path = "MarvelApp-SwiftUI.app"; sourceTree = BUILT_PRODUCTS_DIR; };
		B41B2C6C2B039DB3008D57D1 /* MarvelApp_SwiftUIApp.swift */ = {isa = PBXFileReference; lastKnownFileType = sourcecode.swift; path = MarvelApp_SwiftUIApp.swift; sourceTree = "<group>"; };
		B41B2C6E2B039DB3008D57D1 /* Persistence.swift */ = {isa = PBXFileReference; lastKnownFileType = sourcecode.swift; path = Persistence.swift; sourceTree = "<group>"; };
		B41B2C712B039DB3008D57D1 /* MarvelApp_SwiftUI.xcdatamodel */ = {isa = PBXFileReference; lastKnownFileType = wrapper.xcdatamodel; path = MarvelApp_SwiftUI.xcdatamodel; sourceTree = "<group>"; };
		B41B2C732B039DB3008D57D1 /* ContentView.swift */ = {isa = PBXFileReference; lastKnownFileType = sourcecode.swift; path = ContentView.swift; sourceTree = "<group>"; };
		B41B2C752B039DB3008D57D1 /* Assets.xcassets */ = {isa = PBXFileReference; lastKnownFileType = folder.assetcatalog; path = Assets.xcassets; sourceTree = "<group>"; };
		B41B2C772B039DB3008D57D1 /* MarvelApp_SwiftUI.entitlements */ = {isa = PBXFileReference; lastKnownFileType = text.plist.entitlements; path = MarvelApp_SwiftUI.entitlements; sourceTree = "<group>"; };
		B41B2C792B039DB3008D57D1 /* Preview Assets.xcassets */ = {isa = PBXFileReference; lastKnownFileType = folder.assetcatalog; path = "Preview Assets.xcassets"; sourceTree = "<group>"; };
		B41B2C7F2B039DB3008D57D1 /* MarvelApp-SwiftUITests.xctest */ = {isa = PBXFileReference; explicitFileType = wrapper.cfbundle; includeInIndex = 0; path = "MarvelApp-SwiftUITests.xctest"; sourceTree = BUILT_PRODUCTS_DIR; };
		B41B2C832B039DB3008D57D1 /* MarvelApp_SwiftUITests.swift */ = {isa = PBXFileReference; lastKnownFileType = sourcecode.swift; path = MarvelApp_SwiftUITests.swift; sourceTree = "<group>"; };
		B41B2C892B039DB4008D57D1 /* MarvelApp-SwiftUIUITests.xctest */ = {isa = PBXFileReference; explicitFileType = wrapper.cfbundle; includeInIndex = 0; path = "MarvelApp-SwiftUIUITests.xctest"; sourceTree = BUILT_PRODUCTS_DIR; };
		B41B2C8D2B039DB4008D57D1 /* MarvelApp_SwiftUIUITests.swift */ = {isa = PBXFileReference; lastKnownFileType = sourcecode.swift; path = MarvelApp_SwiftUIUITests.swift; sourceTree = "<group>"; };
		B41B2C8F2B039DB4008D57D1 /* MarvelApp_SwiftUIUITestsLaunchTests.swift */ = {isa = PBXFileReference; lastKnownFileType = sourcecode.swift; path = MarvelApp_SwiftUIUITestsLaunchTests.swift; sourceTree = "<group>"; };
		B41B2CA92B03A203008D57D1 /* APIClientRepository.swift */ = {isa = PBXFileReference; lastKnownFileType = sourcecode.swift; path = APIClientRepository.swift; sourceTree = "<group>"; };
		B41B2CAB2B03A223008D57D1 /* APIClient.swift */ = {isa = PBXFileReference; lastKnownFileType = sourcecode.swift; path = APIClient.swift; sourceTree = "<group>"; };
		B41B2CAD2B03A250008D57D1 /* Extension+URLResponse.swift */ = {isa = PBXFileReference; lastKnownFileType = sourcecode.swift; path = "Extension+URLResponse.swift"; sourceTree = "<group>"; };
		B41B2CAF2B03A26F008D57D1 /* APIClientUseCase.swift */ = {isa = PBXFileReference; lastKnownFileType = sourcecode.swift; path = APIClientUseCase.swift; sourceTree = "<group>"; };
		B41B2CB12B03A28D008D57D1 /* Character.swift */ = {isa = PBXFileReference; lastKnownFileType = sourcecode.swift; path = Character.swift; sourceTree = "<group>"; };
		B41B2CB32B03A2A5008D57D1 /* Serie.swift */ = {isa = PBXFileReference; lastKnownFileType = sourcecode.swift; path = Serie.swift; sourceTree = "<group>"; };
		B41B2CB52B03A2C6008D57D1 /* APIClientRepositoryProtocol.swift */ = {isa = PBXFileReference; lastKnownFileType = sourcecode.swift; path = APIClientRepositoryProtocol.swift; sourceTree = "<group>"; };
		B41B2CBA2B03B1A8008D57D1 /* CharactersView.swift */ = {isa = PBXFileReference; lastKnownFileType = sourcecode.swift; path = CharactersView.swift; sourceTree = "<group>"; };
		B41B2CBC2B03B1B5008D57D1 /* CharactersViewModel.swift */ = {isa = PBXFileReference; lastKnownFileType = sourcecode.swift; path = CharactersViewModel.swift; sourceTree = "<group>"; };
		B4903A0D2B0675B100FCDACE /* Info.plist */ = {isa = PBXFileReference; lastKnownFileType = text.plist; path = Info.plist; sourceTree = "<group>"; };
		B495D3292B07CA760004CB53 /* DataPersistanceManager.swift */ = {isa = PBXFileReference; lastKnownFileType = sourcecode.swift; path = DataPersistanceManager.swift; sourceTree = "<group>"; };
		B495D32B2B07CE6A0004CB53 /* DataPersistanceManagerUseCase.swift */ = {isa = PBXFileReference; lastKnownFileType = sourcecode.swift; path = DataPersistanceManagerUseCase.swift; sourceTree = "<group>"; };
		B495D32D2B07CF0B0004CB53 /* DataPersistanceManagerRepositoryProtocol.swift */ = {isa = PBXFileReference; lastKnownFileType = sourcecode.swift; path = DataPersistanceManagerRepositoryProtocol.swift; sourceTree = "<group>"; };
		B495D32F2B07CF970004CB53 /* DataPersistanceManagerRepository.swift */ = {isa = PBXFileReference; lastKnownFileType = sourcecode.swift; path = DataPersistanceManagerRepository.swift; sourceTree = "<group>"; };
		B495D3322B07D98A0004CB53 /* CharacterMapper.swift */ = {isa = PBXFileReference; lastKnownFileType = sourcecode.swift; path = CharacterMapper.swift; sourceTree = "<group>"; };
		B49E1BE12B0925D6009F9E7D /* WatchOSMarvel Watch App.app */ = {isa = PBXFileReference; explicitFileType = wrapper.application; includeInIndex = 0; path = "WatchOSMarvel Watch App.app"; sourceTree = BUILT_PRODUCTS_DIR; };
		B49E1BE32B0925D6009F9E7D /* WatchOSMarvelApp.swift */ = {isa = PBXFileReference; lastKnownFileType = sourcecode.swift; path = WatchOSMarvelApp.swift; sourceTree = "<group>"; };
		B49E1BE52B0925D6009F9E7D /* ContentView.swift */ = {isa = PBXFileReference; lastKnownFileType = sourcecode.swift; path = ContentView.swift; sourceTree = "<group>"; };
		B49E1BE72B0925D7009F9E7D /* Assets.xcassets */ = {isa = PBXFileReference; lastKnownFileType = folder.assetcatalog; path = Assets.xcassets; sourceTree = "<group>"; };
		B49E1BEA2B0925D7009F9E7D /* Preview Assets.xcassets */ = {isa = PBXFileReference; lastKnownFileType = folder.assetcatalog; path = "Preview Assets.xcassets"; sourceTree = "<group>"; };
		B49E1C142B093A2A009F9E7D /* WatchOSMarvel-Watch-App-Info.plist */ = {isa = PBXFileReference; lastKnownFileType = text.plist; path = "WatchOSMarvel-Watch-App-Info.plist"; sourceTree = SOURCE_ROOT; };
		B49E1C182B093F9A009F9E7D /* LottieViewModel.swift */ = {isa = PBXFileReference; lastKnownFileType = sourcecode.swift; path = LottieViewModel.swift; sourceTree = "<group>"; };
		B49E1C1A2B09431C009F9E7D /* LottieWatchOSView.swift */ = {isa = PBXFileReference; lastKnownFileType = sourcecode.swift; path = LottieWatchOSView.swift; sourceTree = "<group>"; };
		B49E1C222B0944EB009F9E7D /* LoadingWatchOSView.swift */ = {isa = PBXFileReference; lastKnownFileType = sourcecode.swift; path = LoadingWatchOSView.swift; sourceTree = "<group>"; };
		B4ABA9022B03F70300CB3315 /* CharacterSeriesView.swift */ = {isa = PBXFileReference; lastKnownFileType = sourcecode.swift; path = CharacterSeriesView.swift; sourceTree = "<group>"; };
		B4ABA9042B03F71400CB3315 /* CharacterSeriesViewModel.swift */ = {isa = PBXFileReference; lastKnownFileType = sourcecode.swift; path = CharacterSeriesViewModel.swift; sourceTree = "<group>"; };
		B4ABA9072B0404C200CB3315 /* marvelSplashAnimation.json */ = {isa = PBXFileReference; fileEncoding = 4; lastKnownFileType = text.json; path = marvelSplashAnimation.json; sourceTree = "<group>"; };
		B4ABA9092B0404F100CB3315 /* marvelCharactersAnimation.json */ = {isa = PBXFileReference; fileEncoding = 4; lastKnownFileType = text.json; path = marvelCharactersAnimation.json; sourceTree = "<group>"; };
		B4ABA9112B0405B800CB3315 /* SplashView.swift */ = {isa = PBXFileReference; lastKnownFileType = sourcecode.swift; path = SplashView.swift; sourceTree = "<group>"; };
		B4ABA9132B0405C200CB3315 /* SplashViewModel.swift */ = {isa = PBXFileReference; lastKnownFileType = sourcecode.swift; path = SplashViewModel.swift; sourceTree = "<group>"; };
		B4ABA9162B0406AB00CB3315 /* LottieView.swift */ = {isa = PBXFileReference; lastKnownFileType = sourcecode.swift; path = LottieView.swift; sourceTree = "<group>"; };
		B4AF5E6C2B08CB74001BAF26 /* NoFavoriteCharactersView.swift */ = {isa = PBXFileReference; lastKnownFileType = sourcecode.swift; path = NoFavoriteCharactersView.swift; sourceTree = "<group>"; };
		B4AF5E6E2B08CD1D001BAF26 /* FavoriteCharacterCardView.swift */ = {isa = PBXFileReference; lastKnownFileType = sourcecode.swift; path = FavoriteCharacterCardView.swift; sourceTree = "<group>"; };
		B4AF5E702B08CF90001BAF26 /* CharacterCardView.swift */ = {isa = PBXFileReference; lastKnownFileType = sourcecode.swift; path = CharacterCardView.swift; sourceTree = "<group>"; };
		B4AF5E742B08D3C4001BAF26 /* SerieCardView.swift */ = {isa = PBXFileReference; lastKnownFileType = sourcecode.swift; path = SerieCardView.swift; sourceTree = "<group>"; };
		B4B766812B0544100096544D /* RouteView.swift */ = {isa = PBXFileReference; lastKnownFileType = sourcecode.swift; path = RouteView.swift; sourceTree = "<group>"; };
		B4B766832B05441D0096544D /* RouteViewModel.swift */ = {isa = PBXFileReference; lastKnownFileType = sourcecode.swift; path = RouteViewModel.swift; sourceTree = "<group>"; };
		B4B766852B0545A50096544D /* RoutingStatus.swift */ = {isa = PBXFileReference; lastKnownFileType = sourcecode.swift; path = RoutingStatus.swift; sourceTree = "<group>"; };
		B4B766872B0559A00096544D /* LoadingView.swift */ = {isa = PBXFileReference; lastKnownFileType = sourcecode.swift; path = LoadingView.swift; sourceTree = "<group>"; };
/* End PBXFileReference section */

/* Begin PBXFrameworksBuildPhase section */
		B41B2C662B039DB3008D57D1 /* Frameworks */ = {
			isa = PBXFrameworksBuildPhase;
			buildActionMask = 2147483647;
			files = (
				B4ABA90D2B04057500CB3315 /* Lottie in Frameworks */,
				B49E1C212B094491009F9E7D /* SDWebImageLottieCoder in Frameworks */,
			);
			runOnlyForDeploymentPostprocessing = 0;
		};
		B41B2C7C2B039DB3008D57D1 /* Frameworks */ = {
			isa = PBXFrameworksBuildPhase;
			buildActionMask = 2147483647;
			files = (
			);
			runOnlyForDeploymentPostprocessing = 0;
		};
		B41B2C862B039DB4008D57D1 /* Frameworks */ = {
			isa = PBXFrameworksBuildPhase;
			buildActionMask = 2147483647;
			files = (
			);
			runOnlyForDeploymentPostprocessing = 0;
		};
		B49E1BDE2B0925D6009F9E7D /* Frameworks */ = {
			isa = PBXFrameworksBuildPhase;
			buildActionMask = 2147483647;
			files = (
				B49E1C172B093F58009F9E7D /* SDWebImageLottieCoder in Frameworks */,
			);
			runOnlyForDeploymentPostprocessing = 0;
		};
/* End PBXFrameworksBuildPhase section */

/* Begin PBXGroup section */
		B41B2C602B039DB2008D57D1 = {
			isa = PBXGroup;
			children = (
				B41B2C6B2B039DB3008D57D1 /* MarvelApp-SwiftUI */,
				B41B2C822B039DB3008D57D1 /* MarvelApp-SwiftUITests */,
				B41B2C8C2B039DB4008D57D1 /* MarvelApp-SwiftUIUITests */,
				B49E1BE22B0925D6009F9E7D /* WatchOSMarvel Watch App */,
				B41B2C6A2B039DB3008D57D1 /* Products */,
				B49E1C1F2B094491009F9E7D /* Frameworks */,
			);
			sourceTree = "<group>";
		};
		B41B2C6A2B039DB3008D57D1 /* Products */ = {
			isa = PBXGroup;
			children = (
				B41B2C692B039DB3008D57D1 /* MarvelApp-SwiftUI.app */,
				B41B2C7F2B039DB3008D57D1 /* MarvelApp-SwiftUITests.xctest */,
				B41B2C892B039DB4008D57D1 /* MarvelApp-SwiftUIUITests.xctest */,
				B49E1BE12B0925D6009F9E7D /* WatchOSMarvel Watch App.app */,
			);
			name = Products;
			sourceTree = "<group>";
		};
		B41B2C6B2B039DB3008D57D1 /* MarvelApp-SwiftUI */ = {
			isa = PBXGroup;
			children = (
				B4903A0D2B0675B100FCDACE /* Info.plist */,
				B41B2C9C2B03A0D1008D57D1 /* App */,
				B41B2C9D2B03A0F3008D57D1 /* Resources */,
				B41B2C9E2B03A10F008D57D1 /* Data */,
				B41B2C9F2B03A116008D57D1 /* Domain */,
				B41B2CA02B03A11B008D57D1 /* Presentation */,
				B41B2C732B039DB3008D57D1 /* ContentView.swift */,
				B41B2C772B039DB3008D57D1 /* MarvelApp_SwiftUI.entitlements */,
				B41B2C782B039DB3008D57D1 /* Preview Content */,
			);
			path = "MarvelApp-SwiftUI";
			sourceTree = "<group>";
		};
		B41B2C782B039DB3008D57D1 /* Preview Content */ = {
			isa = PBXGroup;
			children = (
				B41B2C792B039DB3008D57D1 /* Preview Assets.xcassets */,
			);
			path = "Preview Content";
			sourceTree = "<group>";
		};
		B41B2C822B039DB3008D57D1 /* MarvelApp-SwiftUITests */ = {
			isa = PBXGroup;
			children = (
				B41B2C832B039DB3008D57D1 /* MarvelApp_SwiftUITests.swift */,
			);
			path = "MarvelApp-SwiftUITests";
			sourceTree = "<group>";
		};
		B41B2C8C2B039DB4008D57D1 /* MarvelApp-SwiftUIUITests */ = {
			isa = PBXGroup;
			children = (
				B41B2C8D2B039DB4008D57D1 /* MarvelApp_SwiftUIUITests.swift */,
				B41B2C8F2B039DB4008D57D1 /* MarvelApp_SwiftUIUITestsLaunchTests.swift */,
			);
			path = "MarvelApp-SwiftUIUITests";
			sourceTree = "<group>";
		};
		B41B2C9C2B03A0D1008D57D1 /* App */ = {
			isa = PBXGroup;
			children = (
				B41B2C6C2B039DB3008D57D1 /* MarvelApp_SwiftUIApp.swift */,
			);
			path = App;
			sourceTree = "<group>";
		};
		B41B2C9D2B03A0F3008D57D1 /* Resources */ = {
			isa = PBXGroup;
			children = (
				B41B2C752B039DB3008D57D1 /* Assets.xcassets */,
				B4ABA9062B04046B00CB3315 /* Lottie */,
			);
			path = Resources;
			sourceTree = "<group>";
		};
		B41B2C9E2B03A10F008D57D1 /* Data */ = {
			isa = PBXGroup;
			children = (
				B41B2CA22B03A148008D57D1 /* Repository */,
				B41B2CA72B03A1A7008D57D1 /* Local */,
				B41B2CA12B03A140008D57D1 /* Network */,
			);
			path = Data;
			sourceTree = "<group>";
		};
		B41B2C9F2B03A116008D57D1 /* Domain */ = {
			isa = PBXGroup;
			children = (
				B41B2CA62B03A176008D57D1 /* Extensions */,
				B41B2CA52B03A16E008D57D1 /* UseCases */,
				B41B2CA42B03A169008D57D1 /* Models */,
				B41B2CA32B03A161008D57D1 /* Protocols */,
			);
			path = Domain;
			sourceTree = "<group>";
		};
		B41B2CA02B03A11B008D57D1 /* Presentation */ = {
			isa = PBXGroup;
			children = (
				B4ABA9152B04069100CB3315 /* GeneralViews */,
				B4B7667E2B0543E20096544D /* Routing */,
				B4ABA90E2B04059B00CB3315 /* Splash */,
				B41B2CB72B03B16A008D57D1 /* Characters */,
				B4ABA8FF2B03F6C800CB3315 /* CharacterSeries */,
			);
			path = Presentation;
			sourceTree = "<group>";
		};
		B41B2CA12B03A140008D57D1 /* Network */ = {
			isa = PBXGroup;
			children = (
				B41B2CAB2B03A223008D57D1 /* APIClient.swift */,
			);
			path = Network;
			sourceTree = "<group>";
		};
		B41B2CA22B03A148008D57D1 /* Repository */ = {
			isa = PBXGroup;
			children = (
				B41B2CA92B03A203008D57D1 /* APIClientRepository.swift */,
				B495D32F2B07CF970004CB53 /* DataPersistanceManagerRepository.swift */,
			);
			path = Repository;
			sourceTree = "<group>";
		};
		B41B2CA32B03A161008D57D1 /* Protocols */ = {
			isa = PBXGroup;
			children = (
				B41B2CB52B03A2C6008D57D1 /* APIClientRepositoryProtocol.swift */,
				B495D32D2B07CF0B0004CB53 /* DataPersistanceManagerRepositoryProtocol.swift */,
			);
			path = Protocols;
			sourceTree = "<group>";
		};
		B41B2CA42B03A169008D57D1 /* Models */ = {
			isa = PBXGroup;
			children = (
				B41B2CB12B03A28D008D57D1 /* Character.swift */,
				B41B2CB32B03A2A5008D57D1 /* Serie.swift */,
				B4B766852B0545A50096544D /* RoutingStatus.swift */,
			);
			path = Models;
			sourceTree = "<group>";
		};
		B41B2CA52B03A16E008D57D1 /* UseCases */ = {
			isa = PBXGroup;
			children = (
				B41B2CAF2B03A26F008D57D1 /* APIClientUseCase.swift */,
				B495D32B2B07CE6A0004CB53 /* DataPersistanceManagerUseCase.swift */,
			);
			path = UseCases;
			sourceTree = "<group>";
		};
		B41B2CA62B03A176008D57D1 /* Extensions */ = {
			isa = PBXGroup;
			children = (
				B41B2CAD2B03A250008D57D1 /* Extension+URLResponse.swift */,
			);
			path = Extensions;
			sourceTree = "<group>";
		};
		B41B2CA72B03A1A7008D57D1 /* Local */ = {
			isa = PBXGroup;
			children = (
				B41B2CA82B03A1B0008D57D1 /* CoreData */,
			);
			path = Local;
			sourceTree = "<group>";
		};
		B41B2CA82B03A1B0008D57D1 /* CoreData */ = {
			isa = PBXGroup;
			children = (
				B495D3312B07D97B0004CB53 /* Mapper */,
				B41B2C6E2B039DB3008D57D1 /* Persistence.swift */,
				B41B2C702B039DB3008D57D1 /* MarvelApp_SwiftUI.xcdatamodeld */,
				B495D3292B07CA760004CB53 /* DataPersistanceManager.swift */,
			);
			path = CoreData;
			sourceTree = "<group>";
		};
		B41B2CB72B03B16A008D57D1 /* Characters */ = {
			isa = PBXGroup;
			children = (
				B41B2CB82B03B173008D57D1 /* View */,
				B41B2CB92B03B17B008D57D1 /* ViewModel */,
			);
			path = Characters;
			sourceTree = "<group>";
		};
		B41B2CB82B03B173008D57D1 /* View */ = {
			isa = PBXGroup;
			children = (
				B4AF5E722B08D331001BAF26 /* Subviews */,
				B41B2CBA2B03B1A8008D57D1 /* CharactersView.swift */,
			);
			path = View;
			sourceTree = "<group>";
		};
		B41B2CB92B03B17B008D57D1 /* ViewModel */ = {
			isa = PBXGroup;
			children = (
				B41B2CBC2B03B1B5008D57D1 /* CharactersViewModel.swift */,
			);
			path = ViewModel;
			sourceTree = "<group>";
		};
		B495D3312B07D97B0004CB53 /* Mapper */ = {
			isa = PBXGroup;
			children = (
				B495D3322B07D98A0004CB53 /* CharacterMapper.swift */,
			);
			path = Mapper;
			sourceTree = "<group>";
		};
		B49E1BE22B0925D6009F9E7D /* WatchOSMarvel Watch App */ = {
			isa = PBXGroup;
			children = (
				B49E1C142B093A2A009F9E7D /* WatchOSMarvel-Watch-App-Info.plist */,
				B49E1BE32B0925D6009F9E7D /* WatchOSMarvelApp.swift */,
				B49E1BE52B0925D6009F9E7D /* ContentView.swift */,
				B49E1BE72B0925D7009F9E7D /* Assets.xcassets */,
				B49E1BE92B0925D7009F9E7D /* Preview Content */,
				B49E1C182B093F9A009F9E7D /* LottieViewModel.swift */,
				B49E1C1A2B09431C009F9E7D /* LottieWatchOSView.swift */,
				B49E1C222B0944EB009F9E7D /* LoadingWatchOSView.swift */,
			);
			path = "WatchOSMarvel Watch App";
			sourceTree = "<group>";
		};
		B49E1BE92B0925D7009F9E7D /* Preview Content */ = {
			isa = PBXGroup;
			children = (
				B49E1BEA2B0925D7009F9E7D /* Preview Assets.xcassets */,
			);
			path = "Preview Content";
			sourceTree = "<group>";
		};
		B49E1C1F2B094491009F9E7D /* Frameworks */ = {
			isa = PBXGroup;
			children = (
			);
			name = Frameworks;
			sourceTree = "<group>";
		};
		B4ABA8FF2B03F6C800CB3315 /* CharacterSeries */ = {
			isa = PBXGroup;
			children = (
				B4ABA9012B03F6F000CB3315 /* CharacterSeriesView */,
				B4ABA9002B03F6E300CB3315 /* CharacterSeriesViewModel */,
			);
			path = CharacterSeries;
			sourceTree = "<group>";
		};
		B4ABA9002B03F6E300CB3315 /* CharacterSeriesViewModel */ = {
			isa = PBXGroup;
			children = (
				B4ABA9042B03F71400CB3315 /* CharacterSeriesViewModel.swift */,
			);
			path = CharacterSeriesViewModel;
			sourceTree = "<group>";
		};
		B4ABA9012B03F6F000CB3315 /* CharacterSeriesView */ = {
			isa = PBXGroup;
			children = (
				B4AF5E732B08D3B3001BAF26 /* Subviews */,
				B4ABA9022B03F70300CB3315 /* CharacterSeriesView.swift */,
			);
			path = CharacterSeriesView;
			sourceTree = "<group>";
		};
		B4ABA9062B04046B00CB3315 /* Lottie */ = {
			isa = PBXGroup;
			children = (
				B4ABA9092B0404F100CB3315 /* marvelCharactersAnimation.json */,
				B4ABA9072B0404C200CB3315 /* marvelSplashAnimation.json */,
			);
			path = Lottie;
			sourceTree = "<group>";
		};
		B4ABA90E2B04059B00CB3315 /* Splash */ = {
			isa = PBXGroup;
			children = (
				B4ABA9102B0405AB00CB3315 /* View */,
				B4ABA90F2B0405A300CB3315 /* ViewModel */,
			);
			path = Splash;
			sourceTree = "<group>";
		};
		B4ABA90F2B0405A300CB3315 /* ViewModel */ = {
			isa = PBXGroup;
			children = (
				B4ABA9132B0405C200CB3315 /* SplashViewModel.swift */,
			);
			path = ViewModel;
			sourceTree = "<group>";
		};
		B4ABA9102B0405AB00CB3315 /* View */ = {
			isa = PBXGroup;
			children = (
				B4ABA9112B0405B800CB3315 /* SplashView.swift */,
			);
			path = View;
			sourceTree = "<group>";
		};
		B4ABA9152B04069100CB3315 /* GeneralViews */ = {
			isa = PBXGroup;
			children = (
				B4ABA9162B0406AB00CB3315 /* LottieView.swift */,
				B4B766872B0559A00096544D /* LoadingView.swift */,
			);
			path = GeneralViews;
			sourceTree = "<group>";
		};
		B4AF5E722B08D331001BAF26 /* Subviews */ = {
			isa = PBXGroup;
			children = (
				B4AF5E702B08CF90001BAF26 /* CharacterCardView.swift */,
				B4AF5E6E2B08CD1D001BAF26 /* FavoriteCharacterCardView.swift */,
				B4AF5E6C2B08CB74001BAF26 /* NoFavoriteCharactersView.swift */,
			);
			path = Subviews;
			sourceTree = "<group>";
		};
		B4AF5E732B08D3B3001BAF26 /* Subviews */ = {
			isa = PBXGroup;
			children = (
				B4AF5E742B08D3C4001BAF26 /* SerieCardView.swift */,
			);
			path = Subviews;
			sourceTree = "<group>";
		};
		B4B7667E2B0543E20096544D /* Routing */ = {
			isa = PBXGroup;
			children = (
				B4B766802B0544020096544D /* View */,
				B4B7667F2B0543FC0096544D /* ViewModel */,
			);
			path = Routing;
			sourceTree = "<group>";
		};
		B4B7667F2B0543FC0096544D /* ViewModel */ = {
			isa = PBXGroup;
			children = (
				B4B766832B05441D0096544D /* RouteViewModel.swift */,
			);
			path = ViewModel;
			sourceTree = "<group>";
		};
		B4B766802B0544020096544D /* View */ = {
			isa = PBXGroup;
			children = (
				B4B766812B0544100096544D /* RouteView.swift */,
			);
			path = View;
			sourceTree = "<group>";
		};
/* End PBXGroup section */

/* Begin PBXNativeTarget section */
		B41B2C682B039DB3008D57D1 /* MarvelApp-SwiftUI */ = {
			isa = PBXNativeTarget;
			buildConfigurationList = B41B2C932B039DB4008D57D1 /* Build configuration list for PBXNativeTarget "MarvelApp-SwiftUI" */;
			buildPhases = (
				B41B2C652B039DB3008D57D1 /* Sources */,
				B41B2C662B039DB3008D57D1 /* Frameworks */,
				B41B2C672B039DB3008D57D1 /* Resources */,
				B49E1BEF2B0925D7009F9E7D /* Embed Watch Content */,
			);
			buildRules = (
			);
			dependencies = (
				B49E1BED2B0925D7009F9E7D /* PBXTargetDependency */,
			);
			name = "MarvelApp-SwiftUI";
			packageProductDependencies = (
				B4ABA90C2B04057500CB3315 /* Lottie */,
				B49E1C202B094491009F9E7D /* SDWebImageLottieCoder */,
			);
			productName = "MarvelApp-SwiftUI";
			productReference = B41B2C692B039DB3008D57D1 /* MarvelApp-SwiftUI.app */;
			productType = "com.apple.product-type.application";
		};
		B41B2C7E2B039DB3008D57D1 /* MarvelApp-SwiftUITests */ = {
			isa = PBXNativeTarget;
			buildConfigurationList = B41B2C962B039DB4008D57D1 /* Build configuration list for PBXNativeTarget "MarvelApp-SwiftUITests" */;
			buildPhases = (
				B41B2C7B2B039DB3008D57D1 /* Sources */,
				B41B2C7C2B039DB3008D57D1 /* Frameworks */,
				B41B2C7D2B039DB3008D57D1 /* Resources */,
			);
			buildRules = (
			);
			dependencies = (
				B41B2C812B039DB3008D57D1 /* PBXTargetDependency */,
			);
			name = "MarvelApp-SwiftUITests";
			productName = "MarvelApp-SwiftUITests";
			productReference = B41B2C7F2B039DB3008D57D1 /* MarvelApp-SwiftUITests.xctest */;
			productType = "com.apple.product-type.bundle.unit-test";
		};
		B41B2C882B039DB4008D57D1 /* MarvelApp-SwiftUIUITests */ = {
			isa = PBXNativeTarget;
			buildConfigurationList = B41B2C992B039DB4008D57D1 /* Build configuration list for PBXNativeTarget "MarvelApp-SwiftUIUITests" */;
			buildPhases = (
				B41B2C852B039DB4008D57D1 /* Sources */,
				B41B2C862B039DB4008D57D1 /* Frameworks */,
				B41B2C872B039DB4008D57D1 /* Resources */,
			);
			buildRules = (
			);
			dependencies = (
				B41B2C8B2B039DB4008D57D1 /* PBXTargetDependency */,
			);
			name = "MarvelApp-SwiftUIUITests";
			productName = "MarvelApp-SwiftUIUITests";
			productReference = B41B2C892B039DB4008D57D1 /* MarvelApp-SwiftUIUITests.xctest */;
			productType = "com.apple.product-type.bundle.ui-testing";
		};
		B49E1BE02B0925D6009F9E7D /* WatchOSMarvel Watch App */ = {
			isa = PBXNativeTarget;
			buildConfigurationList = B49E1BF22B0925D7009F9E7D /* Build configuration list for PBXNativeTarget "WatchOSMarvel Watch App" */;
			buildPhases = (
				B49E1BDD2B0925D6009F9E7D /* Sources */,
				B49E1BDE2B0925D6009F9E7D /* Frameworks */,
				B49E1BDF2B0925D6009F9E7D /* Resources */,
			);
			buildRules = (
			);
			dependencies = (
			);
			name = "WatchOSMarvel Watch App";
			packageProductDependencies = (
				B49E1C162B093F58009F9E7D /* SDWebImageLottieCoder */,
			);
			productName = "WatchOSMarvel Watch App";
			productReference = B49E1BE12B0925D6009F9E7D /* WatchOSMarvel Watch App.app */;
			productType = "com.apple.product-type.application";
		};
/* End PBXNativeTarget section */

/* Begin PBXProject section */
		B41B2C612B039DB2008D57D1 /* Project object */ = {
			isa = PBXProject;
			attributes = {
				BuildIndependentTargetsInParallel = 1;
				LastSwiftUpdateCheck = 1430;
				LastUpgradeCheck = 1430;
				TargetAttributes = {
					B41B2C682B039DB3008D57D1 = {
						CreatedOnToolsVersion = 14.3.1;
					};
					B41B2C7E2B039DB3008D57D1 = {
						CreatedOnToolsVersion = 14.3.1;
						TestTargetID = B41B2C682B039DB3008D57D1;
					};
					B41B2C882B039DB4008D57D1 = {
						CreatedOnToolsVersion = 14.3.1;
						TestTargetID = B41B2C682B039DB3008D57D1;
					};
					B49E1BE02B0925D6009F9E7D = {
						CreatedOnToolsVersion = 14.3.1;
					};
				};
			};
			buildConfigurationList = B41B2C642B039DB2008D57D1 /* Build configuration list for PBXProject "MarvelApp-SwiftUI" */;
			compatibilityVersion = "Xcode 14.0";
			developmentRegion = en;
			hasScannedForEncodings = 0;
			knownRegions = (
				en,
				Base,
			);
			mainGroup = B41B2C602B039DB2008D57D1;
			packageReferences = (
				B4ABA90B2B04057500CB3315 /* XCRemoteSwiftPackageReference "lottie-spm" */,
				B49E1C152B093F57009F9E7D /* XCRemoteSwiftPackageReference "SDWebImageLottieCoder" */,
			);
			productRefGroup = B41B2C6A2B039DB3008D57D1 /* Products */;
			projectDirPath = "";
			projectRoot = "";
			targets = (
				B41B2C682B039DB3008D57D1 /* MarvelApp-SwiftUI */,
				B41B2C7E2B039DB3008D57D1 /* MarvelApp-SwiftUITests */,
				B41B2C882B039DB4008D57D1 /* MarvelApp-SwiftUIUITests */,
				B49E1BE02B0925D6009F9E7D /* WatchOSMarvel Watch App */,
			);
		};
/* End PBXProject section */

/* Begin PBXResourcesBuildPhase section */
		B41B2C672B039DB3008D57D1 /* Resources */ = {
			isa = PBXResourcesBuildPhase;
			buildActionMask = 2147483647;
			files = (
				B41B2C7A2B039DB3008D57D1 /* Preview Assets.xcassets in Resources */,
				B4ABA90A2B0404F100CB3315 /* marvelCharactersAnimation.json in Resources */,
				B41B2C762B039DB3008D57D1 /* Assets.xcassets in Resources */,
				B4ABA9082B0404C200CB3315 /* marvelSplashAnimation.json in Resources */,
			);
			runOnlyForDeploymentPostprocessing = 0;
		};
		B41B2C7D2B039DB3008D57D1 /* Resources */ = {
			isa = PBXResourcesBuildPhase;
			buildActionMask = 2147483647;
			files = (
			);
			runOnlyForDeploymentPostprocessing = 0;
		};
		B41B2C872B039DB4008D57D1 /* Resources */ = {
			isa = PBXResourcesBuildPhase;
			buildActionMask = 2147483647;
			files = (
			);
			runOnlyForDeploymentPostprocessing = 0;
		};
		B49E1BDF2B0925D6009F9E7D /* Resources */ = {
			isa = PBXResourcesBuildPhase;
			buildActionMask = 2147483647;
			files = (
				B49E1C2C2B094ABF009F9E7D /* marvelSplashAnimation.json in Resources */,
				B49E1C2B2B094ABB009F9E7D /* marvelCharactersAnimation.json in Resources */,
				B49E1BEB2B0925D7009F9E7D /* Preview Assets.xcassets in Resources */,
				B49E1BE82B0925D7009F9E7D /* Assets.xcassets in Resources */,
			);
			runOnlyForDeploymentPostprocessing = 0;
		};
/* End PBXResourcesBuildPhase section */

/* Begin PBXSourcesBuildPhase section */
		B41B2C652B039DB3008D57D1 /* Sources */ = {
			isa = PBXSourcesBuildPhase;
			buildActionMask = 2147483647;
			files = (
				B495D32A2B07CA760004CB53 /* DataPersistanceManager.swift in Sources */,
				B41B2CB22B03A28D008D57D1 /* Character.swift in Sources */,
				B4ABA9122B0405B800CB3315 /* SplashView.swift in Sources */,
				B4B766862B0545A50096544D /* RoutingStatus.swift in Sources */,
				B4B766882B0559A00096544D /* LoadingView.swift in Sources */,
				B4B766842B05441D0096544D /* RouteViewModel.swift in Sources */,
				B49E1C1E2B094461009F9E7D /* LottieViewModel.swift in Sources */,
				B49E1C242B094534009F9E7D /* LoadingWatchOSView.swift in Sources */,
				B4AF5E712B08CF90001BAF26 /* CharacterCardView.swift in Sources */,
				B4B766822B0544100096544D /* RouteView.swift in Sources */,
				B4ABA9052B03F71400CB3315 /* CharacterSeriesViewModel.swift in Sources */,
				B41B2C6D2B039DB3008D57D1 /* MarvelApp_SwiftUIApp.swift in Sources */,
				B4ABA9172B0406AB00CB3315 /* LottieView.swift in Sources */,
				B41B2CBB2B03B1A8008D57D1 /* CharactersView.swift in Sources */,
				B495D32E2B07CF0B0004CB53 /* DataPersistanceManagerRepositoryProtocol.swift in Sources */,
				B495D3332B07D98A0004CB53 /* CharacterMapper.swift in Sources */,
				B4AF5E752B08D3C4001BAF26 /* SerieCardView.swift in Sources */,
				B41B2C6F2B039DB3008D57D1 /* Persistence.swift in Sources */,
				B41B2C742B039DB3008D57D1 /* ContentView.swift in Sources */,
				B41B2CBD2B03B1B5008D57D1 /* CharactersViewModel.swift in Sources */,
				B495D3302B07CF970004CB53 /* DataPersistanceManagerRepository.swift in Sources */,
				B41B2CB42B03A2A5008D57D1 /* Serie.swift in Sources */,
				B41B2CB62B03A2C6008D57D1 /* APIClientRepositoryProtocol.swift in Sources */,
				B41B2CB02B03A26F008D57D1 /* APIClientUseCase.swift in Sources */,
				B4ABA9142B0405C200CB3315 /* SplashViewModel.swift in Sources */,
				B49E1C1C2B09438E009F9E7D /* LottieWatchOSView.swift in Sources */,
				B41B2CAE2B03A250008D57D1 /* Extension+URLResponse.swift in Sources */,
				B41B2C722B039DB3008D57D1 /* MarvelApp_SwiftUI.xcdatamodeld in Sources */,
				B4ABA9032B03F70300CB3315 /* CharacterSeriesView.swift in Sources */,
				B495D32C2B07CE6A0004CB53 /* DataPersistanceManagerUseCase.swift in Sources */,
				B4AF5E6D2B08CB74001BAF26 /* NoFavoriteCharactersView.swift in Sources */,
				B41B2CAA2B03A203008D57D1 /* APIClientRepository.swift in Sources */,
				B4AF5E6F2B08CD1D001BAF26 /* FavoriteCharacterCardView.swift in Sources */,
				B41B2CAC2B03A223008D57D1 /* APIClient.swift in Sources */,
			);
			runOnlyForDeploymentPostprocessing = 0;
		};
		B41B2C7B2B039DB3008D57D1 /* Sources */ = {
			isa = PBXSourcesBuildPhase;
			buildActionMask = 2147483647;
			files = (
				B41B2C842B039DB3008D57D1 /* MarvelApp_SwiftUITests.swift in Sources */,
			);
			runOnlyForDeploymentPostprocessing = 0;
		};
		B41B2C852B039DB4008D57D1 /* Sources */ = {
			isa = PBXSourcesBuildPhase;
			buildActionMask = 2147483647;
			files = (
				B41B2C8E2B039DB4008D57D1 /* MarvelApp_SwiftUIUITests.swift in Sources */,
				B41B2C902B039DB4008D57D1 /* MarvelApp_SwiftUIUITestsLaunchTests.swift in Sources */,
			);
			runOnlyForDeploymentPostprocessing = 0;
		};
		B49E1BDD2B0925D6009F9E7D /* Sources */ = {
			isa = PBXSourcesBuildPhase;
			buildActionMask = 2147483647;
			files = (
				B49E1C042B0937CE009F9E7D /* Extension+URLResponse.swift in Sources */,
				B49E1C0A2B09381A009F9E7D /* Persistence.swift in Sources */,
				B49E1C232B0944EB009F9E7D /* LoadingWatchOSView.swift in Sources */,
				B49E1C0E2B093878009F9E7D /* CharacterCardView.swift in Sources */,
				B49E1BFE2B09375E009F9E7D /* CharactersViewModel.swift in Sources */,
				B49E1C102B09387E009F9E7D /* NoFavoriteCharactersView.swift in Sources */,
				B49E1C052B0937F1009F9E7D /* APIClientRepository.swift in Sources */,
				B49E1C062B0937F4009F9E7D /* DataPersistanceManagerRepository.swift in Sources */,
				B49E1BE62B0925D6009F9E7D /* ContentView.swift in Sources */,
				B49E1C092B093817009F9E7D /* MarvelApp_SwiftUI.xcdatamodeld in Sources */,
				B49E1C292B09460A009F9E7D /* RouteViewModel.swift in Sources */,
				B49E1C112B093887009F9E7D /* CharacterSeriesView.swift in Sources */,
				B49E1C122B09388D009F9E7D /* SerieCardView.swift in Sources */,
				B49E1C082B093811009F9E7D /* DataPersistanceManager.swift in Sources */,
				B49E1C0B2B09381F009F9E7D /* CharacterMapper.swift in Sources */,
				B49E1C132B093890009F9E7D /* CharacterSeriesViewModel.swift in Sources */,
				B49E1C272B0945E2009F9E7D /* SplashViewModel.swift in Sources */,
				B49E1C012B0937B9009F9E7D /* Character.swift in Sources */,
				B49E1C2A2B094646009F9E7D /* RoutingStatus.swift in Sources */,
				B49E1C192B093F9A009F9E7D /* LottieViewModel.swift in Sources */,
				B49E1BE42B0925D6009F9E7D /* WatchOSMarvelApp.swift in Sources */,
				B49E1C1B2B09431C009F9E7D /* LottieWatchOSView.swift in Sources */,
				B49E1C002B0937B4009F9E7D /* DataPersistanceManagerUseCase.swift in Sources */,
				B49E1C282B094604009F9E7D /* RouteView.swift in Sources */,
				B49E1C022B0937C2009F9E7D /* APIClientRepositoryProtocol.swift in Sources */,
				B49E1C072B09380E009F9E7D /* APIClient.swift in Sources */,
				B49E1C0C2B09385E009F9E7D /* Serie.swift in Sources */,
				B49E1C0F2B09387B009F9E7D /* FavoriteCharacterCardView.swift in Sources */,
				B49E1C252B0945C8009F9E7D /* MarvelApp_SwiftUIApp.swift in Sources */,
				B49E1BFF2B0937B1009F9E7D /* APIClientUseCase.swift in Sources */,
				B49E1C262B0945D6009F9E7D /* SplashView.swift in Sources */,
				B49E1BFD2B0936D6009F9E7D /* CharactersView.swift in Sources */,
				B49E1C032B0937C6009F9E7D /* DataPersistanceManagerRepositoryProtocol.swift in Sources */,
			);
			runOnlyForDeploymentPostprocessing = 0;
		};
/* End PBXSourcesBuildPhase section */

/* Begin PBXTargetDependency section */
		B41B2C812B039DB3008D57D1 /* PBXTargetDependency */ = {
			isa = PBXTargetDependency;
			target = B41B2C682B039DB3008D57D1 /* MarvelApp-SwiftUI */;
			targetProxy = B41B2C802B039DB3008D57D1 /* PBXContainerItemProxy */;
		};
		B41B2C8B2B039DB4008D57D1 /* PBXTargetDependency */ = {
			isa = PBXTargetDependency;
			target = B41B2C682B039DB3008D57D1 /* MarvelApp-SwiftUI */;
			targetProxy = B41B2C8A2B039DB4008D57D1 /* PBXContainerItemProxy */;
		};
		B49E1BED2B0925D7009F9E7D /* PBXTargetDependency */ = {
			isa = PBXTargetDependency;
			target = B49E1BE02B0925D6009F9E7D /* WatchOSMarvel Watch App */;
			targetProxy = B49E1BEC2B0925D7009F9E7D /* PBXContainerItemProxy */;
		};
/* End PBXTargetDependency section */

/* Begin XCBuildConfiguration section */
		B41B2C912B039DB4008D57D1 /* Debug */ = {
			isa = XCBuildConfiguration;
			buildSettings = {
				ALWAYS_SEARCH_USER_PATHS = NO;
				CLANG_ANALYZER_NONNULL = YES;
				CLANG_ANALYZER_NUMBER_OBJECT_CONVERSION = YES_AGGRESSIVE;
				CLANG_CXX_LANGUAGE_STANDARD = "gnu++20";
				CLANG_ENABLE_MODULES = YES;
				CLANG_ENABLE_OBJC_ARC = YES;
				CLANG_ENABLE_OBJC_WEAK = YES;
				CLANG_WARN_BLOCK_CAPTURE_AUTORELEASING = YES;
				CLANG_WARN_BOOL_CONVERSION = YES;
				CLANG_WARN_COMMA = YES;
				CLANG_WARN_CONSTANT_CONVERSION = YES;
				CLANG_WARN_DEPRECATED_OBJC_IMPLEMENTATIONS = YES;
				CLANG_WARN_DIRECT_OBJC_ISA_USAGE = YES_ERROR;
				CLANG_WARN_DOCUMENTATION_COMMENTS = YES;
				CLANG_WARN_EMPTY_BODY = YES;
				CLANG_WARN_ENUM_CONVERSION = YES;
				CLANG_WARN_INFINITE_RECURSION = YES;
				CLANG_WARN_INT_CONVERSION = YES;
				CLANG_WARN_NON_LITERAL_NULL_CONVERSION = YES;
				CLANG_WARN_OBJC_IMPLICIT_RETAIN_SELF = YES;
				CLANG_WARN_OBJC_LITERAL_CONVERSION = YES;
				CLANG_WARN_OBJC_ROOT_CLASS = YES_ERROR;
				CLANG_WARN_QUOTED_INCLUDE_IN_FRAMEWORK_HEADER = YES;
				CLANG_WARN_RANGE_LOOP_ANALYSIS = YES;
				CLANG_WARN_STRICT_PROTOTYPES = YES;
				CLANG_WARN_SUSPICIOUS_MOVE = YES;
				CLANG_WARN_UNGUARDED_AVAILABILITY = YES_AGGRESSIVE;
				CLANG_WARN_UNREACHABLE_CODE = YES;
				CLANG_WARN__DUPLICATE_METHOD_MATCH = YES;
				COPY_PHASE_STRIP = NO;
				DEBUG_INFORMATION_FORMAT = dwarf;
				ENABLE_STRICT_OBJC_MSGSEND = YES;
				ENABLE_TESTABILITY = YES;
				GCC_C_LANGUAGE_STANDARD = gnu11;
				GCC_DYNAMIC_NO_PIC = NO;
				GCC_NO_COMMON_BLOCKS = YES;
				GCC_OPTIMIZATION_LEVEL = 0;
				GCC_PREPROCESSOR_DEFINITIONS = (
					"DEBUG=1",
					"$(inherited)",
				);
				GCC_WARN_64_TO_32_BIT_CONVERSION = YES;
				GCC_WARN_ABOUT_RETURN_TYPE = YES_ERROR;
				GCC_WARN_UNDECLARED_SELECTOR = YES;
				GCC_WARN_UNINITIALIZED_AUTOS = YES_AGGRESSIVE;
				GCC_WARN_UNUSED_FUNCTION = YES;
				GCC_WARN_UNUSED_VARIABLE = YES;
				MTL_ENABLE_DEBUG_INFO = INCLUDE_SOURCE;
				MTL_FAST_MATH = YES;
				ONLY_ACTIVE_ARCH = YES;
				SWIFT_ACTIVE_COMPILATION_CONDITIONS = DEBUG;
				SWIFT_OPTIMIZATION_LEVEL = "-Onone";
			};
			name = Debug;
		};
		B41B2C922B039DB4008D57D1 /* Release */ = {
			isa = XCBuildConfiguration;
			buildSettings = {
				ALWAYS_SEARCH_USER_PATHS = NO;
				CLANG_ANALYZER_NONNULL = YES;
				CLANG_ANALYZER_NUMBER_OBJECT_CONVERSION = YES_AGGRESSIVE;
				CLANG_CXX_LANGUAGE_STANDARD = "gnu++20";
				CLANG_ENABLE_MODULES = YES;
				CLANG_ENABLE_OBJC_ARC = YES;
				CLANG_ENABLE_OBJC_WEAK = YES;
				CLANG_WARN_BLOCK_CAPTURE_AUTORELEASING = YES;
				CLANG_WARN_BOOL_CONVERSION = YES;
				CLANG_WARN_COMMA = YES;
				CLANG_WARN_CONSTANT_CONVERSION = YES;
				CLANG_WARN_DEPRECATED_OBJC_IMPLEMENTATIONS = YES;
				CLANG_WARN_DIRECT_OBJC_ISA_USAGE = YES_ERROR;
				CLANG_WARN_DOCUMENTATION_COMMENTS = YES;
				CLANG_WARN_EMPTY_BODY = YES;
				CLANG_WARN_ENUM_CONVERSION = YES;
				CLANG_WARN_INFINITE_RECURSION = YES;
				CLANG_WARN_INT_CONVERSION = YES;
				CLANG_WARN_NON_LITERAL_NULL_CONVERSION = YES;
				CLANG_WARN_OBJC_IMPLICIT_RETAIN_SELF = YES;
				CLANG_WARN_OBJC_LITERAL_CONVERSION = YES;
				CLANG_WARN_OBJC_ROOT_CLASS = YES_ERROR;
				CLANG_WARN_QUOTED_INCLUDE_IN_FRAMEWORK_HEADER = YES;
				CLANG_WARN_RANGE_LOOP_ANALYSIS = YES;
				CLANG_WARN_STRICT_PROTOTYPES = YES;
				CLANG_WARN_SUSPICIOUS_MOVE = YES;
				CLANG_WARN_UNGUARDED_AVAILABILITY = YES_AGGRESSIVE;
				CLANG_WARN_UNREACHABLE_CODE = YES;
				CLANG_WARN__DUPLICATE_METHOD_MATCH = YES;
				COPY_PHASE_STRIP = NO;
				DEBUG_INFORMATION_FORMAT = "dwarf-with-dsym";
				ENABLE_NS_ASSERTIONS = NO;
				ENABLE_STRICT_OBJC_MSGSEND = YES;
				GCC_C_LANGUAGE_STANDARD = gnu11;
				GCC_NO_COMMON_BLOCKS = YES;
				GCC_WARN_64_TO_32_BIT_CONVERSION = YES;
				GCC_WARN_ABOUT_RETURN_TYPE = YES_ERROR;
				GCC_WARN_UNDECLARED_SELECTOR = YES;
				GCC_WARN_UNINITIALIZED_AUTOS = YES_AGGRESSIVE;
				GCC_WARN_UNUSED_FUNCTION = YES;
				GCC_WARN_UNUSED_VARIABLE = YES;
				MTL_ENABLE_DEBUG_INFO = NO;
				MTL_FAST_MATH = YES;
				SWIFT_COMPILATION_MODE = wholemodule;
				SWIFT_OPTIMIZATION_LEVEL = "-O";
			};
			name = Release;
		};
		B41B2C942B039DB4008D57D1 /* Debug */ = {
			isa = XCBuildConfiguration;
			buildSettings = {
				ALWAYS_EMBED_SWIFT_STANDARD_LIBRARIES = YES;
				ASSETCATALOG_COMPILER_APPICON_NAME = AppIcon;
				ASSETCATALOG_COMPILER_GLOBAL_ACCENT_COLOR_NAME = AccentColor;
				CODE_SIGN_ENTITLEMENTS = "MarvelApp-SwiftUI/MarvelApp_SwiftUI.entitlements";
				CODE_SIGN_STYLE = Automatic;
				CURRENT_PROJECT_VERSION = 1;
				DEVELOPMENT_ASSET_PATHS = "\"MarvelApp-SwiftUI/Preview Content\"";
				DEVELOPMENT_TEAM = 9THYRJN444;
				ENABLE_HARDENED_RUNTIME = YES;
				ENABLE_PREVIEWS = YES;
				GENERATE_INFOPLIST_FILE = YES;
				INFOPLIST_FILE = "MarvelApp-SwiftUI/Info.plist";
				"INFOPLIST_KEY_UIApplicationSceneManifest_Generation[sdk=iphoneos*]" = YES;
				"INFOPLIST_KEY_UIApplicationSceneManifest_Generation[sdk=iphonesimulator*]" = YES;
				"INFOPLIST_KEY_UIApplicationSupportsIndirectInputEvents[sdk=iphoneos*]" = YES;
				"INFOPLIST_KEY_UIApplicationSupportsIndirectInputEvents[sdk=iphonesimulator*]" = YES;
				"INFOPLIST_KEY_UILaunchScreen_Generation[sdk=iphoneos*]" = YES;
				"INFOPLIST_KEY_UILaunchScreen_Generation[sdk=iphonesimulator*]" = YES;
				"INFOPLIST_KEY_UIStatusBarStyle[sdk=iphoneos*]" = UIStatusBarStyleDefault;
				"INFOPLIST_KEY_UIStatusBarStyle[sdk=iphonesimulator*]" = UIStatusBarStyleDefault;
				INFOPLIST_KEY_UISupportedInterfaceOrientations_iPad = "UIInterfaceOrientationPortrait UIInterfaceOrientationPortraitUpsideDown UIInterfaceOrientationLandscapeLeft UIInterfaceOrientationLandscapeRight";
				INFOPLIST_KEY_UISupportedInterfaceOrientations_iPhone = "UIInterfaceOrientationPortrait UIInterfaceOrientationLandscapeLeft UIInterfaceOrientationLandscapeRight";
				IPHONEOS_DEPLOYMENT_TARGET = 16.4;
				LD_RUNPATH_SEARCH_PATHS = "@executable_path/Frameworks";
				"LD_RUNPATH_SEARCH_PATHS[sdk=macosx*]" = "@executable_path/../Frameworks";
				MACOSX_DEPLOYMENT_TARGET = 13.3;
				MARKETING_VERSION = 1.0;
				PRODUCT_BUNDLE_IDENTIFIER = "com.salvamoreno.MarvelApp-SwiftUI";
				PRODUCT_NAME = "$(TARGET_NAME)";
				SDKROOT = auto;
				SUPPORTED_PLATFORMS = "iphoneos iphonesimulator macosx";
				SWIFT_EMIT_LOC_STRINGS = YES;
				SWIFT_VERSION = 5.0;
				TARGETED_DEVICE_FAMILY = "1,2";
			};
			name = Debug;
		};
		B41B2C952B039DB4008D57D1 /* Release */ = {
			isa = XCBuildConfiguration;
			buildSettings = {
				ALWAYS_EMBED_SWIFT_STANDARD_LIBRARIES = YES;
				ASSETCATALOG_COMPILER_APPICON_NAME = AppIcon;
				ASSETCATALOG_COMPILER_GLOBAL_ACCENT_COLOR_NAME = AccentColor;
				CODE_SIGN_ENTITLEMENTS = "MarvelApp-SwiftUI/MarvelApp_SwiftUI.entitlements";
				CODE_SIGN_STYLE = Automatic;
				CURRENT_PROJECT_VERSION = 1;
				DEVELOPMENT_ASSET_PATHS = "\"MarvelApp-SwiftUI/Preview Content\"";
				DEVELOPMENT_TEAM = 9THYRJN444;
				ENABLE_HARDENED_RUNTIME = YES;
				ENABLE_PREVIEWS = YES;
				GENERATE_INFOPLIST_FILE = YES;
				INFOPLIST_FILE = "MarvelApp-SwiftUI/Info.plist";
				"INFOPLIST_KEY_UIApplicationSceneManifest_Generation[sdk=iphoneos*]" = YES;
				"INFOPLIST_KEY_UIApplicationSceneManifest_Generation[sdk=iphonesimulator*]" = YES;
				"INFOPLIST_KEY_UIApplicationSupportsIndirectInputEvents[sdk=iphoneos*]" = YES;
				"INFOPLIST_KEY_UIApplicationSupportsIndirectInputEvents[sdk=iphonesimulator*]" = YES;
				"INFOPLIST_KEY_UILaunchScreen_Generation[sdk=iphoneos*]" = YES;
				"INFOPLIST_KEY_UILaunchScreen_Generation[sdk=iphonesimulator*]" = YES;
				"INFOPLIST_KEY_UIStatusBarStyle[sdk=iphoneos*]" = UIStatusBarStyleDefault;
				"INFOPLIST_KEY_UIStatusBarStyle[sdk=iphonesimulator*]" = UIStatusBarStyleDefault;
				INFOPLIST_KEY_UISupportedInterfaceOrientations_iPad = "UIInterfaceOrientationPortrait UIInterfaceOrientationPortraitUpsideDown UIInterfaceOrientationLandscapeLeft UIInterfaceOrientationLandscapeRight";
				INFOPLIST_KEY_UISupportedInterfaceOrientations_iPhone = "UIInterfaceOrientationPortrait UIInterfaceOrientationLandscapeLeft UIInterfaceOrientationLandscapeRight";
				IPHONEOS_DEPLOYMENT_TARGET = 16.4;
				LD_RUNPATH_SEARCH_PATHS = "@executable_path/Frameworks";
				"LD_RUNPATH_SEARCH_PATHS[sdk=macosx*]" = "@executable_path/../Frameworks";
				MACOSX_DEPLOYMENT_TARGET = 13.3;
				MARKETING_VERSION = 1.0;
				PRODUCT_BUNDLE_IDENTIFIER = "com.salvamoreno.MarvelApp-SwiftUI";
				PRODUCT_NAME = "$(TARGET_NAME)";
				SDKROOT = auto;
				SUPPORTED_PLATFORMS = "iphoneos iphonesimulator macosx";
				SWIFT_EMIT_LOC_STRINGS = YES;
				SWIFT_VERSION = 5.0;
				TARGETED_DEVICE_FAMILY = "1,2";
			};
			name = Release;
		};
		B41B2C972B039DB4008D57D1 /* Debug */ = {
			isa = XCBuildConfiguration;
			buildSettings = {
				ALWAYS_EMBED_SWIFT_STANDARD_LIBRARIES = YES;
				BUNDLE_LOADER = "$(TEST_HOST)";
				CODE_SIGN_STYLE = Automatic;
				CURRENT_PROJECT_VERSION = 1;
				DEVELOPMENT_TEAM = 9THYRJN444;
				GENERATE_INFOPLIST_FILE = YES;
				IPHONEOS_DEPLOYMENT_TARGET = 16.4;
				MACOSX_DEPLOYMENT_TARGET = 13.3;
				MARKETING_VERSION = 1.0;
				PRODUCT_BUNDLE_IDENTIFIER = "com.salvamoreno.MarvelApp-SwiftUITests";
				PRODUCT_NAME = "$(TARGET_NAME)";
				SDKROOT = auto;
				SUPPORTED_PLATFORMS = "iphoneos iphonesimulator macosx";
				SWIFT_EMIT_LOC_STRINGS = NO;
				SWIFT_VERSION = 5.0;
				TARGETED_DEVICE_FAMILY = "1,2";
				TEST_HOST = "$(BUILT_PRODUCTS_DIR)/MarvelApp-SwiftUI.app/$(BUNDLE_EXECUTABLE_FOLDER_PATH)/MarvelApp-SwiftUI";
			};
			name = Debug;
		};
		B41B2C982B039DB4008D57D1 /* Release */ = {
			isa = XCBuildConfiguration;
			buildSettings = {
				ALWAYS_EMBED_SWIFT_STANDARD_LIBRARIES = YES;
				BUNDLE_LOADER = "$(TEST_HOST)";
				CODE_SIGN_STYLE = Automatic;
				CURRENT_PROJECT_VERSION = 1;
				DEVELOPMENT_TEAM = 9THYRJN444;
				GENERATE_INFOPLIST_FILE = YES;
				IPHONEOS_DEPLOYMENT_TARGET = 16.4;
				MACOSX_DEPLOYMENT_TARGET = 13.3;
				MARKETING_VERSION = 1.0;
				PRODUCT_BUNDLE_IDENTIFIER = "com.salvamoreno.MarvelApp-SwiftUITests";
				PRODUCT_NAME = "$(TARGET_NAME)";
				SDKROOT = auto;
				SUPPORTED_PLATFORMS = "iphoneos iphonesimulator macosx";
				SWIFT_EMIT_LOC_STRINGS = NO;
				SWIFT_VERSION = 5.0;
				TARGETED_DEVICE_FAMILY = "1,2";
				TEST_HOST = "$(BUILT_PRODUCTS_DIR)/MarvelApp-SwiftUI.app/$(BUNDLE_EXECUTABLE_FOLDER_PATH)/MarvelApp-SwiftUI";
			};
			name = Release;
		};
		B41B2C9A2B039DB4008D57D1 /* Debug */ = {
			isa = XCBuildConfiguration;
			buildSettings = {
				ALWAYS_EMBED_SWIFT_STANDARD_LIBRARIES = YES;
				CODE_SIGN_STYLE = Automatic;
				CURRENT_PROJECT_VERSION = 1;
				DEVELOPMENT_TEAM = 9THYRJN444;
				GENERATE_INFOPLIST_FILE = YES;
				IPHONEOS_DEPLOYMENT_TARGET = 16.4;
				MACOSX_DEPLOYMENT_TARGET = 13.3;
				MARKETING_VERSION = 1.0;
				PRODUCT_BUNDLE_IDENTIFIER = "com.salvamoreno.MarvelApp-SwiftUIUITests";
				PRODUCT_NAME = "$(TARGET_NAME)";
				SDKROOT = auto;
				SUPPORTED_PLATFORMS = "iphoneos iphonesimulator macosx";
				SWIFT_EMIT_LOC_STRINGS = NO;
				SWIFT_VERSION = 5.0;
				TARGETED_DEVICE_FAMILY = "1,2";
				TEST_TARGET_NAME = "MarvelApp-SwiftUI";
			};
			name = Debug;
		};
		B41B2C9B2B039DB4008D57D1 /* Release */ = {
			isa = XCBuildConfiguration;
			buildSettings = {
				ALWAYS_EMBED_SWIFT_STANDARD_LIBRARIES = YES;
				CODE_SIGN_STYLE = Automatic;
				CURRENT_PROJECT_VERSION = 1;
				DEVELOPMENT_TEAM = 9THYRJN444;
				GENERATE_INFOPLIST_FILE = YES;
				IPHONEOS_DEPLOYMENT_TARGET = 16.4;
				MACOSX_DEPLOYMENT_TARGET = 13.3;
				MARKETING_VERSION = 1.0;
				PRODUCT_BUNDLE_IDENTIFIER = "com.salvamoreno.MarvelApp-SwiftUIUITests";
				PRODUCT_NAME = "$(TARGET_NAME)";
				SDKROOT = auto;
				SUPPORTED_PLATFORMS = "iphoneos iphonesimulator macosx";
				SWIFT_EMIT_LOC_STRINGS = NO;
				SWIFT_VERSION = 5.0;
				TARGETED_DEVICE_FAMILY = "1,2";
				TEST_TARGET_NAME = "MarvelApp-SwiftUI";
			};
			name = Release;
		};
		B49E1BF02B0925D7009F9E7D /* Debug */ = {
			isa = XCBuildConfiguration;
			buildSettings = {
				ASSETCATALOG_COMPILER_APPICON_NAME = AppIcon;
				ASSETCATALOG_COMPILER_GLOBAL_ACCENT_COLOR_NAME = AccentColor;
				CODE_SIGN_STYLE = Automatic;
				CURRENT_PROJECT_VERSION = 1;
				DEVELOPMENT_ASSET_PATHS = "\"WatchOSMarvel Watch App/Preview Content\"";
				DEVELOPMENT_TEAM = 9THYRJN444;
				ENABLE_PREVIEWS = YES;
				GENERATE_INFOPLIST_FILE = YES;
				INFOPLIST_FILE = "WatchOSMarvel-Watch-App-Info.plist";
				INFOPLIST_KEY_CFBundleDisplayName = WatchOSMarvel;
				INFOPLIST_KEY_UISupportedInterfaceOrientations = "UIInterfaceOrientationPortrait UIInterfaceOrientationPortraitUpsideDown";
				INFOPLIST_KEY_WKCompanionAppBundleIdentifier = "com.salvamoreno.MarvelApp-SwiftUI";
				LD_RUNPATH_SEARCH_PATHS = (
					"$(inherited)",
					"@executable_path/Frameworks",
				);
				MARKETING_VERSION = 1.0;
				PRODUCT_BUNDLE_IDENTIFIER = "com.salvamoreno.MarvelApp-SwiftUI.watchkitapp";
				PRODUCT_NAME = "$(TARGET_NAME)";
				SDKROOT = watchos;
				SKIP_INSTALL = YES;
				SWIFT_EMIT_LOC_STRINGS = YES;
				SWIFT_VERSION = 5.0;
				TARGETED_DEVICE_FAMILY = 4;
				WATCHOS_DEPLOYMENT_TARGET = 9.4;
			};
			name = Debug;
		};
		B49E1BF12B0925D7009F9E7D /* Release */ = {
			isa = XCBuildConfiguration;
			buildSettings = {
				ASSETCATALOG_COMPILER_APPICON_NAME = AppIcon;
				ASSETCATALOG_COMPILER_GLOBAL_ACCENT_COLOR_NAME = AccentColor;
				CODE_SIGN_STYLE = Automatic;
				CURRENT_PROJECT_VERSION = 1;
				DEVELOPMENT_ASSET_PATHS = "\"WatchOSMarvel Watch App/Preview Content\"";
				DEVELOPMENT_TEAM = 9THYRJN444;
				ENABLE_PREVIEWS = YES;
				GENERATE_INFOPLIST_FILE = YES;
				INFOPLIST_FILE = "WatchOSMarvel-Watch-App-Info.plist";
				INFOPLIST_KEY_CFBundleDisplayName = WatchOSMarvel;
				INFOPLIST_KEY_UISupportedInterfaceOrientations = "UIInterfaceOrientationPortrait UIInterfaceOrientationPortraitUpsideDown";
				INFOPLIST_KEY_WKCompanionAppBundleIdentifier = "com.salvamoreno.MarvelApp-SwiftUI";
				LD_RUNPATH_SEARCH_PATHS = (
					"$(inherited)",
					"@executable_path/Frameworks",
				);
				MARKETING_VERSION = 1.0;
				PRODUCT_BUNDLE_IDENTIFIER = "com.salvamoreno.MarvelApp-SwiftUI.watchkitapp";
				PRODUCT_NAME = "$(TARGET_NAME)";
				SDKROOT = watchos;
				SKIP_INSTALL = YES;
				SWIFT_EMIT_LOC_STRINGS = YES;
				SWIFT_VERSION = 5.0;
				TARGETED_DEVICE_FAMILY = 4;
				VALIDATE_PRODUCT = YES;
				WATCHOS_DEPLOYMENT_TARGET = 9.4;
			};
			name = Release;
		};
/* End XCBuildConfiguration section */

/* Begin XCConfigurationList section */
		B41B2C642B039DB2008D57D1 /* Build configuration list for PBXProject "MarvelApp-SwiftUI" */ = {
			isa = XCConfigurationList;
			buildConfigurations = (
				B41B2C912B039DB4008D57D1 /* Debug */,
				B41B2C922B039DB4008D57D1 /* Release */,
			);
			defaultConfigurationIsVisible = 0;
			defaultConfigurationName = Release;
		};
		B41B2C932B039DB4008D57D1 /* Build configuration list for PBXNativeTarget "MarvelApp-SwiftUI" */ = {
			isa = XCConfigurationList;
			buildConfigurations = (
				B41B2C942B039DB4008D57D1 /* Debug */,
				B41B2C952B039DB4008D57D1 /* Release */,
			);
			defaultConfigurationIsVisible = 0;
			defaultConfigurationName = Release;
		};
		B41B2C962B039DB4008D57D1 /* Build configuration list for PBXNativeTarget "MarvelApp-SwiftUITests" */ = {
			isa = XCConfigurationList;
			buildConfigurations = (
				B41B2C972B039DB4008D57D1 /* Debug */,
				B41B2C982B039DB4008D57D1 /* Release */,
			);
			defaultConfigurationIsVisible = 0;
			defaultConfigurationName = Release;
		};
		B41B2C992B039DB4008D57D1 /* Build configuration list for PBXNativeTarget "MarvelApp-SwiftUIUITests" */ = {
			isa = XCConfigurationList;
			buildConfigurations = (
				B41B2C9A2B039DB4008D57D1 /* Debug */,
				B41B2C9B2B039DB4008D57D1 /* Release */,
			);
			defaultConfigurationIsVisible = 0;
			defaultConfigurationName = Release;
		};
		B49E1BF22B0925D7009F9E7D /* Build configuration list for PBXNativeTarget "WatchOSMarvel Watch App" */ = {
			isa = XCConfigurationList;
			buildConfigurations = (
				B49E1BF02B0925D7009F9E7D /* Debug */,
				B49E1BF12B0925D7009F9E7D /* Release */,
			);
			defaultConfigurationIsVisible = 0;
			defaultConfigurationName = Release;
		};
/* End XCConfigurationList section */

/* Begin XCRemoteSwiftPackageReference section */
		B49E1C152B093F57009F9E7D /* XCRemoteSwiftPackageReference "SDWebImageLottieCoder" */ = {
			isa = XCRemoteSwiftPackageReference;
			repositoryURL = "https://github.com/SDWebImage/SDWebImageLottieCoder";
			requirement = {
				kind = upToNextMajorVersion;
				minimumVersion = 0.2.0;
			};
		};
		B4ABA90B2B04057500CB3315 /* XCRemoteSwiftPackageReference "lottie-spm" */ = {
			isa = XCRemoteSwiftPackageReference;
			repositoryURL = "https://github.com/airbnb/lottie-spm.git";
			requirement = {
				kind = upToNextMajorVersion;
				minimumVersion = 4.0.0;
			};
		};
/* End XCRemoteSwiftPackageReference section */

/* Begin XCSwiftPackageProductDependency section */
		B49E1C162B093F58009F9E7D /* SDWebImageLottieCoder */ = {
			isa = XCSwiftPackageProductDependency;
			package = B49E1C152B093F57009F9E7D /* XCRemoteSwiftPackageReference "SDWebImageLottieCoder" */;
			productName = SDWebImageLottieCoder;
		};
		B49E1C202B094491009F9E7D /* SDWebImageLottieCoder */ = {
			isa = XCSwiftPackageProductDependency;
			package = B49E1C152B093F57009F9E7D /* XCRemoteSwiftPackageReference "SDWebImageLottieCoder" */;
			productName = SDWebImageLottieCoder;
		};
		B4ABA90C2B04057500CB3315 /* Lottie */ = {
			isa = XCSwiftPackageProductDependency;
			package = B4ABA90B2B04057500CB3315 /* XCRemoteSwiftPackageReference "lottie-spm" */;
			productName = Lottie;
		};
/* End XCSwiftPackageProductDependency section */

/* Begin XCVersionGroup section */
		B41B2C702B039DB3008D57D1 /* MarvelApp_SwiftUI.xcdatamodeld */ = {
			isa = XCVersionGroup;
			children = (
				B41B2C712B039DB3008D57D1 /* MarvelApp_SwiftUI.xcdatamodel */,
			);
			currentVersion = B41B2C712B039DB3008D57D1 /* MarvelApp_SwiftUI.xcdatamodel */;
			path = MarvelApp_SwiftUI.xcdatamodeld;
			sourceTree = "<group>";
			versionGroupType = wrapper.xcdatamodel;
		};
/* End XCVersionGroup section */
	};
	rootObject = B41B2C612B039DB2008D57D1 /* Project object */;
}
